// !$*UTF8*$!
{
	archiveVersion = 1;
	classes = {
	};
	objectVersion = 48;
	objects = {

/* Begin PBXBuildFile section */
		371F2677203F18070039777E /* AppDelegate.swift in Sources */ = {isa = PBXBuildFile; fileRef = 371F2676203F18070039777E /* AppDelegate.swift */; };
		371F2679203F18070039777E /* ViewController.swift in Sources */ = {isa = PBXBuildFile; fileRef = 371F2678203F18070039777E /* ViewController.swift */; };
		371F267C203F18070039777E /* Main.storyboard in Resources */ = {isa = PBXBuildFile; fileRef = 371F267A203F18070039777E /* Main.storyboard */; };
		371F267E203F18070039777E /* Assets.xcassets in Resources */ = {isa = PBXBuildFile; fileRef = 371F267D203F18070039777E /* Assets.xcassets */; };
		371F2681203F18070039777E /* LaunchScreen.storyboard in Resources */ = {isa = PBXBuildFile; fileRef = 371F267F203F18070039777E /* LaunchScreen.storyboard */; };
		371F268C203F18070039777E /* SimpleAsyncTestTests.swift in Sources */ = {isa = PBXBuildFile; fileRef = 371F268B203F18070039777E /* SimpleAsyncTestTests.swift */; };
		371F2697203F181B0039777E /* MyClass.swift in Sources */ = {isa = PBXBuildFile; fileRef = 371F2696203F181B0039777E /* MyClass.swift */; };
/* End PBXBuildFile section */

/* Begin PBXContainerItemProxy section */
		371F2688203F18070039777E /* PBXContainerItemProxy */ = {
			isa = PBXContainerItemProxy;
			containerPortal = 371F266B203F18070039777E /* Project object */;
			proxyType = 1;
			remoteGlobalIDString = 371F2672203F18070039777E;
			remoteInfo = SimpleAsyncTest;
		};
/* End PBXContainerItemProxy section */

/* Begin PBXFileReference section */
		371F2673203F18070039777E /* SimpleAsyncTest.app */ = {isa = PBXFileReference; explicitFileType = wrapper.application; includeInIndex = 0; path = SimpleAsyncTest.app; sourceTree = BUILT_PRODUCTS_DIR; };
		371F2676203F18070039777E /* AppDelegate.swift */ = {isa = PBXFileReference; lastKnownFileType = sourcecode.swift; path = AppDelegate.swift; sourceTree = "<group>"; };
		371F2678203F18070039777E /* ViewController.swift */ = {isa = PBXFileReference; lastKnownFileType = sourcecode.swift; path = ViewController.swift; sourceTree = "<group>"; };
		371F267B203F18070039777E /* Base */ = {isa = PBXFileReference; lastKnownFileType = file.storyboard; name = Base; path = Base.lproj/Main.storyboard; sourceTree = "<group>"; };
		371F267D203F18070039777E /* Assets.xcassets */ = {isa = PBXFileReference; lastKnownFileType = folder.assetcatalog; path = Assets.xcassets; sourceTree = "<group>"; };
		371F2680203F18070039777E /* Base */ = {isa = PBXFileReference; lastKnownFileType = file.storyboard; name = Base; path = Base.lproj/LaunchScreen.storyboard; sourceTree = "<group>"; };
		371F2682203F18070039777E /* Info.plist */ = {isa = PBXFileReference; lastKnownFileType = text.plist.xml; path = Info.plist; sourceTree = "<group>"; };
		371F2687203F18070039777E /* SimpleAsyncTestTests.xctest */ = {isa = PBXFileReference; explicitFileType = wrapper.cfbundle; includeInIndex = 0; path = SimpleAsyncTestTests.xctest; sourceTree = BUILT_PRODUCTS_DIR; };
		371F268B203F18070039777E /* SimpleAsyncTestTests.swift */ = {isa = PBXFileReference; lastKnownFileType = sourcecode.swift; path = SimpleAsyncTestTests.swift; sourceTree = "<group>"; };
		371F268D203F18070039777E /* Info.plist */ = {isa = PBXFileReference; lastKnownFileType = text.plist.xml; path = Info.plist; sourceTree = "<group>"; };
		371F2696203F181B0039777E /* MyClass.swift */ = {isa = PBXFileReference; lastKnownFileType = sourcecode.swift; path = MyClass.swift; sourceTree = "<group>"; };
/* End PBXFileReference section */

/* Begin PBXFrameworksBuildPhase section */
		371F2670203F18070039777E /* Frameworks */ = {
			isa = PBXFrameworksBuildPhase;
			buildActionMask = 2147483647;
			files = (
			);
			runOnlyForDeploymentPostprocessing = 0;
		};
		371F2684203F18070039777E /* Frameworks */ = {
			isa = PBXFrameworksBuildPhase;
			buildActionMask = 2147483647;
			files = (
			);
			runOnlyForDeploymentPostprocessing = 0;
		};
/* End PBXFrameworksBuildPhase section */

/* Begin PBXGroup section */
		371F266A203F18070039777E = {
			isa = PBXGroup;
			children = (
				371F2675203F18070039777E /* SimpleAsyncTest */,
				371F268A203F18070039777E /* SimpleAsyncTestTests */,
				371F2674203F18070039777E /* Products */,
			);
			sourceTree = "<group>";
		};
		371F2674203F18070039777E /* Products */ = {
			isa = PBXGroup;
			children = (
				371F2673203F18070039777E /* SimpleAsyncTest.app */,
				371F2687203F18070039777E /* SimpleAsyncTestTests.xctest */,
			);
			name = Products;
			sourceTree = "<group>";
		};
		371F2675203F18070039777E /* SimpleAsyncTest */ = {
			isa = PBXGroup;
			children = (
				371F2676203F18070039777E /* AppDelegate.swift */,
				371F2678203F18070039777E /* ViewController.swift */,
				371F267A203F18070039777E /* Main.storyboard */,
				371F267D203F18070039777E /* Assets.xcassets */,
				371F267F203F18070039777E /* LaunchScreen.storyboard */,
				371F2682203F18070039777E /* Info.plist */,
				371F2696203F181B0039777E /* MyClass.swift */,
			);
			path = SimpleAsyncTest;
			sourceTree = "<group>";
		};
		371F268A203F18070039777E /* SimpleAsyncTestTests */ = {
			isa = PBXGroup;
			children = (
				371F268B203F18070039777E /* SimpleAsyncTestTests.swift */,
				371F268D203F18070039777E /* Info.plist */,
			);
			path = SimpleAsyncTestTests;
			sourceTree = "<group>";
		};
/* End PBXGroup section */

/* Begin PBXNativeTarget section */
		371F2672203F18070039777E /* SimpleAsyncTest */ = {
			isa = PBXNativeTarget;
			buildConfigurationList = 371F2690203F18070039777E /* Build configuration list for PBXNativeTarget "SimpleAsyncTest" */;
			buildPhases = (
				371F266F203F18070039777E /* Sources */,
				371F2670203F18070039777E /* Frameworks */,
				371F2671203F18070039777E /* Resources */,
			);
			buildRules = (
			);
			dependencies = (
			);
			name = SimpleAsyncTest;
			productName = SimpleAsyncTest;
			productReference = 371F2673203F18070039777E /* SimpleAsyncTest.app */;
			productType = "com.apple.product-type.application";
		};
		371F2686203F18070039777E /* SimpleAsyncTestTests */ = {
			isa = PBXNativeTarget;
			buildConfigurationList = 371F2693203F18070039777E /* Build configuration list for PBXNativeTarget "SimpleAsyncTestTests" */;
			buildPhases = (
				371F2683203F18070039777E /* Sources */,
				371F2684203F18070039777E /* Frameworks */,
				371F2685203F18070039777E /* Resources */,
			);
			buildRules = (
			);
			dependencies = (
				371F2689203F18070039777E /* PBXTargetDependency */,
			);
			name = SimpleAsyncTestTests;
			productName = SimpleAsyncTestTests;
			productReference = 371F2687203F18070039777E /* SimpleAsyncTestTests.xctest */;
			productType = "com.apple.product-type.bundle.unit-test";
		};
/* End PBXNativeTarget section */

/* Begin PBXProject section */
		371F266B203F18070039777E /* Project object */ = {
			isa = PBXProject;
			attributes = {
				LastSwiftUpdateCheck = 0920;
				LastUpgradeCheck = 0920;
				ORGANIZATIONNAME = "Tineo Adrian";
				TargetAttributes = {
					371F2672203F18070039777E = {
						CreatedOnToolsVersion = 9.2;
						ProvisioningStyle = Automatic;
					};
					371F2686203F18070039777E = {
						CreatedOnToolsVersion = 9.2;
						ProvisioningStyle = Automatic;
						TestTargetID = 371F2672203F18070039777E;
					};
				};
			};
			buildConfigurationList = 371F266E203F18070039777E /* Build configuration list for PBXProject "SimpleAsyncTest" */;
			compatibilityVersion = "Xcode 8.0";
			developmentRegion = en;
			hasScannedForEncodings = 0;
			knownRegions = (
				en,
				Base,
			);
			mainGroup = 371F266A203F18070039777E;
			productRefGroup = 371F2674203F18070039777E /* Products */;
			projectDirPath = "";
			projectRoot = "";
			targets = (
				371F2672203F18070039777E /* SimpleAsyncTest */,
				371F2686203F18070039777E /* SimpleAsyncTestTests */,
			);
		};
/* End PBXProject section */

/* Begin PBXResourcesBuildPhase section */
		371F2671203F18070039777E /* Resources */ = {
			isa = PBXResourcesBuildPhase;
			buildActionMask = 2147483647;
			files = (
				371F2681203F18070039777E /* LaunchScreen.storyboard in Resources */,
				371F267E203F18070039777E /* Assets.xcassets in Resources */,
				371F267C203F18070039777E /* Main.storyboard in Resources */,
			);
			runOnlyForDeploymentPostprocessing = 0;
		};
		371F2685203F18070039777E /* Resources */ = {
			isa = PBXResourcesBuildPhase;
			buildActionMask = 2147483647;
			files = (
			);
			runOnlyForDeploymentPostprocessing = 0;
		};
/* End PBXResourcesBuildPhase section */

/* Begin PBXSourcesBuildPhase section */
		371F266F203F18070039777E /* Sources */ = {
			isa = PBXSourcesBuildPhase;
			buildActionMask = 2147483647;
			files = (
				371F2679203F18070039777E /* ViewController.swift in Sources */,
				371F2677203F18070039777E /* AppDelegate.swift in Sources */,
				371F2697203F181B0039777E /* MyClass.swift in Sources */,
			);
			runOnlyForDeploymentPostprocessing = 0;
		};
		371F2683203F18070039777E /* Sources */ = {
			isa = PBXSourcesBuildPhase;
			buildActionMask = 2147483647;
			files = (
				371F268C203F18070039777E /* SimpleAsyncTestTests.swift in Sources */,
			);
			runOnlyForDeploymentPostprocessing = 0;
		};
/* End PBXSourcesBuildPhase section */

/* Begin PBXTargetDependency section */
		371F2689203F18070039777E /* PBXTargetDependency */ = {
			isa = PBXTargetDependency;
			target = 371F2672203F18070039777E /* SimpleAsyncTest */;
			targetProxy = 371F2688203F18070039777E /* PBXContainerItemProxy */;
		};
/* End PBXTargetDependency section */

/* Begin PBXVariantGroup section */
		371F267A203F18070039777E /* Main.storyboard */ = {
			isa = PBXVariantGroup;
			children = (
				371F267B203F18070039777E /* Base */,
			);
			name = Main.storyboard;
			sourceTree = "<group>";
		};
		371F267F203F18070039777E /* LaunchScreen.storyboard */ = {
			isa = PBXVariantGroup;
			children = (
				371F2680203F18070039777E /* Base */,
			);
			name = LaunchScreen.storyboard;
			sourceTree = "<group>";
		};
/* End PBXVariantGroup section */

/* Begin XCBuildConfiguration section */
		371F268E203F18070039777E /* Debug */ = {
			isa = XCBuildConfiguration;
			buildSettings = {
				ALWAYS_SEARCH_USER_PATHS = NO;
				CLANG_ANALYZER_NONNULL = YES;
				CLANG_ANALYZER_NUMBER_OBJECT_CONVERSION = YES_AGGRESSIVE;
				CLANG_CXX_LANGUAGE_STANDARD = "gnu++14";
				CLANG_CXX_LIBRARY = "libc++";
				CLANG_ENABLE_MODULES = YES;
				CLANG_ENABLE_OBJC_ARC = YES;
				CLANG_WARN_BLOCK_CAPTURE_AUTORELEASING = YES;
				CLANG_WARN_BOOL_CONVERSION = YES;
				CLANG_WARN_COMMA = YES;
				CLANG_WARN_CONSTANT_CONVERSION = YES;
				CLANG_WARN_DIRECT_OBJC_ISA_USAGE = YES_ERROR;
				CLANG_WARN_DOCUMENTATION_COMMENTS = YES;
				CLANG_WARN_EMPTY_BODY = YES;
				CLANG_WARN_ENUM_CONVERSION = YES;
				CLANG_WARN_INFINITE_RECURSION = YES;
				CLANG_WARN_INT_CONVERSION = YES;
				CLANG_WARN_NON_LITERAL_NULL_CONVERSION = YES;
				CLANG_WARN_OBJC_LITERAL_CONVERSION = YES;
				CLANG_WARN_OBJC_ROOT_CLASS = YES_ERROR;
				CLANG_WARN_RANGE_LOOP_ANALYSIS = YES;
				CLANG_WARN_STRICT_PROTOTYPES = YES;
				CLANG_WARN_SUSPICIOUS_MOVE = YES;
				CLANG_WARN_UNGUARDED_AVAILABILITY = YES_AGGRESSIVE;
				CLANG_WARN_UNREACHABLE_CODE = YES;
				CLANG_WARN__DUPLICATE_METHOD_MATCH = YES;
				CODE_SIGN_IDENTITY = "iPhone Developer";
				COPY_PHASE_STRIP = NO;
				DEBUG_INFORMATION_FORMAT = dwarf;
				ENABLE_STRICT_OBJC_MSGSEND = YES;
				ENABLE_TESTABILITY = YES;
				GCC_C_LANGUAGE_STANDARD = gnu11;
				GCC_DYNAMIC_NO_PIC = NO;
				GCC_NO_COMMON_BLOCKS = YES;
				GCC_OPTIMIZATION_LEVEL = 0;
				GCC_PREPROCESSOR_DEFINITIONS = (
					"DEBUG=1",
					"$(inherited)",
				);
				GCC_WARN_64_TO_32_BIT_CONVERSION = YES;
				GCC_WARN_ABOUT_RETURN_TYPE = YES_ERROR;
				GCC_WARN_UNDECLARED_SELECTOR = YES;
				GCC_WARN_UNINITIALIZED_AUTOS = YES_AGGRESSIVE;
				GCC_WARN_UNUSED_FUNCTION = YES;
				GCC_WARN_UNUSED_VARIABLE = YES;
				IPHONEOS_DEPLOYMENT_TARGET = 11.2;
				MTL_ENABLE_DEBUG_INFO = YES;
				ONLY_ACTIVE_ARCH = YES;
				SDKROOT = iphoneos;
				SWIFT_ACTIVE_COMPILATION_CONDITIONS = DEBUG;
				SWIFT_OPTIMIZATION_LEVEL = "-Onone";
			};
			name = Debug;
		};
		371F268F203F18070039777E /* Release */ = {
			isa = XCBuildConfiguration;
			buildSettings = {
				ALWAYS_SEARCH_USER_PATHS = NO;
				CLANG_ANALYZER_NONNULL = YES;
				CLANG_ANALYZER_NUMBER_OBJECT_CONVERSION = YES_AGGRESSIVE;
				CLANG_CXX_LANGUAGE_STANDARD = "gnu++14";
				CLANG_CXX_LIBRARY = "libc++";
				CLANG_ENABLE_MODULES = YES;
				CLANG_ENABLE_OBJC_ARC = YES;
				CLANG_WARN_BLOCK_CAPTURE_AUTORELEASING = YES;
				CLANG_WARN_BOOL_CONVERSION = YES;
				CLANG_WARN_COMMA = YES;
				CLANG_WARN_CONSTANT_CONVERSION = YES;
				CLANG_WARN_DIRECT_OBJC_ISA_USAGE = YES_ERROR;
				CLANG_WARN_DOCUMENTATION_COMMENTS = YES;
				CLANG_WARN_EMPTY_BODY = YES;
				CLANG_WARN_ENUM_CONVERSION = YES;
				CLANG_WARN_INFINITE_RECURSION = YES;
				CLANG_WARN_INT_CONVERSION = YES;
				CLANG_WARN_NON_LITERAL_NULL_CONVERSION = YES;
				CLANG_WARN_OBJC_LITERAL_CONVERSION = YES;
				CLANG_WARN_OBJC_ROOT_CLASS = YES_ERROR;
				CLANG_WARN_RANGE_LOOP_ANALYSIS = YES;
				CLANG_WARN_STRICT_PROTOTYPES = YES;
				CLANG_WARN_SUSPICIOUS_MOVE = YES;
				CLANG_WARN_UNGUARDED_AVAILABILITY = YES_AGGRESSIVE;
				CLANG_WARN_UNREACHABLE_CODE = YES;
				CLANG_WARN__DUPLICATE_METHOD_MATCH = YES;
				CODE_SIGN_IDENTITY = "iPhone Developer";
				COPY_PHASE_STRIP = NO;
				DEBUG_INFORMATION_FORMAT = "dwarf-with-dsym";
				ENABLE_NS_ASSERTIONS = NO;
				ENABLE_STRICT_OBJC_MSGSEND = YES;
				GCC_C_LANGUAGE_STANDARD = gnu11;
				GCC_NO_COMMON_BLOCKS = YES;
				GCC_WARN_64_TO_32_BIT_CONVERSION = YES;
				GCC_WARN_ABOUT_RETURN_TYPE = YES_ERROR;
				GCC_WARN_UNDECLARED_SELECTOR = YES;
				GCC_WARN_UNINITIALIZED_AUTOS = YES_AGGRESSIVE;
				GCC_WARN_UNUSED_FUNCTION = YES;
				GCC_WARN_UNUSED_VARIABLE = YES;
				IPHONEOS_DEPLOYMENT_TARGET = 11.2;
				MTL_ENABLE_DEBUG_INFO = NO;
				SDKROOT = iphoneos;
				SWIFT_OPTIMIZATION_LEVEL = "-Owholemodule";
				VALIDATE_PRODUCT = YES;
			};
			name = Release;
		};
		371F2691203F18070039777E /* Debug */ = {
			isa = XCBuildConfiguration;
			buildSettings = {
				ASSETCATALOG_COMPILER_APPICON_NAME = AppIcon;
				CODE_SIGN_STYLE = Automatic;
				DEVELOPMENT_TEAM = JJ25RG5DRX;
				INFOPLIST_FILE = SimpleAsyncTest/Info.plist;
				LD_RUNPATH_SEARCH_PATHS = "$(inherited) @executable_path/Frameworks";
				PRODUCT_BUNDLE_IDENTIFIER = com.adriantineo.SimpleAsyncTest;
				PRODUCT_NAME = "$(TARGET_NAME)";
				SWIFT_VERSION = 4.0;
				TARGETED_DEVICE_FAMILY = "1,2";
			};
			name = Debug;
		};
		371F2692203F18070039777E /* Release */ = {
			isa = XCBuildConfiguration;
			buildSettings = {
				ASSETCATALOG_COMPILER_APPICON_NAME = AppIcon;
				CODE_SIGN_STYLE = Automatic;
				DEVELOPMENT_TEAM = JJ25RG5DRX;
				INFOPLIST_FILE = SimpleAsyncTest/Info.plist;
				LD_RUNPATH_SEARCH_PATHS = "$(inherited) @executable_path/Frameworks";
				PRODUCT_BUNDLE_IDENTIFIER = com.adriantineo.SimpleAsyncTest;
				PRODUCT_NAME = "$(TARGET_NAME)";
				SWIFT_VERSION = 4.0;
				TARGETED_DEVICE_FAMILY = "1,2";
			};
			name = Release;
		};
		371F2694203F18070039777E /* Debug */ = {
			isa = XCBuildConfiguration;
			buildSettings = {
				ALWAYS_EMBED_SWIFT_STANDARD_LIBRARIES = YES;
				BUNDLE_LOADER = "$(TEST_HOST)";
				CODE_SIGN_STYLE = Automatic;
				DEVELOPMENT_TEAM = JJ25RG5DRX;
				INFOPLIST_FILE = SimpleAsyncTestTests/Info.plist;
				LD_RUNPATH_SEARCH_PATHS = "$(inherited) @executable_path/Frameworks @loader_path/Frameworks";
				PRODUCT_BUNDLE_IDENTIFIER = com.adriantineo.SimpleAsyncTestTests;
				PRODUCT_NAME = "$(TARGET_NAME)";
				SWIFT_VERSION = 4.0;
				TARGETED_DEVICE_FAMILY = "1,2";
				TEST_HOST = "$(BUILT_PRODUCTS_DIR)/SimpleAsyncTest.app/SimpleAsyncTest";
			};
			name = Debug;
		};
		371F2695203F18070039777E /* Release */ = {
			isa = XCBuildConfiguration;
			buildSettings = {
				ALWAYS_EMBED_SWIFT_STANDARD_LIBRARIES = YES;
				BUNDLE_LOADER = "$(TEST_HOST)";
				CODE_SIGN_STYLE = Automatic;
				DEVELOPMENT_TEAM = JJ25RG5DRX;
				INFOPLIST_FILE = SimpleAsyncTestTests/Info.plist;
				LD_RUNPATH_SEARCH_PATHS = "$(inherited) @executable_path/Frameworks @loader_path/Frameworks";
				PRODUCT_BUNDLE_IDENTIFIER = com.adriantineo.SimpleAsyncTestTests;
				PRODUCT_NAME = "$(TARGET_NAME)";
				SWIFT_VERSION = 4.0;
				TARGETED_DEVICE_FAMILY = "1,2";
				TEST_HOST = "$(BUILT_PRODUCTS_DIR)/SimpleAsyncTest.app/SimpleAsyncTest";
			};
			name = Release;
		};
/* End XCBuildConfiguration section */

/* Begin XCConfigurationList section */
		371F266E203F18070039777E /* Build configuration list for PBXProject "SimpleAsyncTest" */ = {
			isa = XCConfigurationList;
			buildConfigurations = (
				371F268E203F18070039777E /* Debug */,
				371F268F203F18070039777E /* Release */,
			);
			defaultConfigurationIsVisible = 0;
			defaultConfigurationName = Release;
		};
		371F2690203F18070039777E /* Build configuration list for PBXNativeTarget "SimpleAsyncTest" */ = {
			isa = XCConfigurationList;
			buildConfigurations = (
				371F2691203F18070039777E /* Debug */,
				371F2692203F18070039777E /* Release */,
			);
			defaultConfigurationIsVisible = 0;
			defaultConfigurationName = Release;
		};
		371F2693203F18070039777E /* Build configuration list for PBXNativeTarget "SimpleAsyncTestTests" */ = {
			isa = XCConfigurationList;
			buildConfigurations = (
				371F2694203F18070039777E /* Debug */,
				371F2695203F18070039777E /* Release */,
			);
			defaultConfigurationIsVisible = 0;
			defaultConfigurationName = Release;
		};
/* End XCConfigurationList section */
	};
	rootObject = 371F266B203F18070039777E /* Project object */;
}
